
Microsoft Visual Studio Solution File, Format Version 12.00
# Visual Studio Version 16
VisualStudioVersion = 16.0.31424.327
MinimumVisualStudioVersion = 10.0.40219.1
Project("{FAE04EC0-301F-11D3-BF4B-00C04F79EFBC}") = "AMS", "AMS.csproj", "{5704DE30-E628-48E1-81FD-A1F5FBFB3CF8}"
EndProject
Global
	GlobalSection(SolutionConfigurationPlatforms) = preSolution
		Debug|Any CPU = Debug|Any CPU
		Release|Any CPU = Release|Any CPU
	EndGlobalSection
	GlobalSection(ProjectConfigurationPlatforms) = postSolution
		{5704DE30-E628-48E1-81FD-A1F5FBFB3CF8}.Debug|Any CPU.ActiveCfg = Debug|Any CPU
		{5704DE30-E628-48E1-81FD-A1F5FBFB3CF8}.Debug|Any CPU.Build.0 = Debug|Any CPU
		{5704DE30-E628-48E1-81FD-A1F5FBFB3CF8}.Release|Any CPU.ActiveCfg = Release|Any CPU
		{5704DE30-E628-48E1-81FD-A1F5FBFB3CF8}.Release|Any CPU.Build.0 = Release|Any CPU
	EndGlobalSection
	GlobalSection(SolutionProperties) = preSolution
		HideSolutionNode = FALSE
	EndGlobalSection
	GlobalSection(ExtensibilityGlobals) = postSolution
		SolutionGuid = {99789742-6186-4A09-8B8A-7B1880F78DEB}
	EndGlobalSection
EndGlobal
